
Microsoft Visual Studio Solution File, Format Version 12.00
# Visual Studio Version 17
VisualStudioVersion = 17.5.33530.505
MinimumVisualStudioVersion = 10.0.40219.1
Project("{9A19103F-16F7-4668-BE54-9A1E7A4F7556}") = "ManagingSalesApp.Server", "Server\ManagingSalesApp.Server.csproj", "{C1FA54C0-7F8F-4DCA-890F-EEF01CB2D6F3}"
EndProject
Project("{9A19103F-16F7-4668-BE54-9A1E7A4F7556}") = "ManagingSalesApp.Client", "Client\ManagingSalesApp.Client.csproj", "{5DF341AE-C7E1-4E1D-8AA7-F397BC172087}"
EndProject
Project("{9A19103F-16F7-4668-BE54-9A1E7A4F7556}") = "ManagingSalesApp.Shared", "Shared\ManagingSalesApp.Shared.csproj", "{009F173A-21BB-4EB6-A0C7-A9502F62D37F}"
EndProject
Project("{9A19103F-16F7-4668-BE54-9A1E7A4F7556}") = "TestManagingSalesApp", "TestManagingSalesApp\TestManagingSalesApp.csproj", "{82F3845F-7D3B-41FA-AF92-F2173650F5C3}"
EndProject
Project("{FAE04EC0-301F-11D3-BF4B-00C04F79EFBC}") = "Delivery", "Delivery\Delivery.csproj", "{68361C32-90D4-4FD2-A1F2-18B98C08AF64}"
EndProject
Global
	GlobalSection(SolutionConfigurationPlatforms) = preSolution
		Debug|Any CPU = Debug|Any CPU
		Release|Any CPU = Release|Any CPU
	EndGlobalSection
	GlobalSection(ProjectConfigurationPlatforms) = postSolution
		{C1FA54C0-7F8F-4DCA-890F-EEF01CB2D6F3}.Debug|Any CPU.ActiveCfg = Debug|Any CPU
		{C1FA54C0-7F8F-4DCA-890F-EEF01CB2D6F3}.Debug|Any CPU.Build.0 = Debug|Any CPU
		{C1FA54C0-7F8F-4DCA-890F-EEF01CB2D6F3}.Release|Any CPU.ActiveCfg = Release|Any CPU
		{C1FA54C0-7F8F-4DCA-890F-EEF01CB2D6F3}.Release|Any CPU.Build.0 = Release|Any CPU
		{5DF341AE-C7E1-4E1D-8AA7-F397BC172087}.Debug|Any CPU.ActiveCfg = Debug|Any CPU
		{5DF341AE-C7E1-4E1D-8AA7-F397BC172087}.Debug|Any CPU.Build.0 = Debug|Any CPU
		{5DF341AE-C7E1-4E1D-8AA7-F397BC172087}.Release|Any CPU.ActiveCfg = Release|Any CPU
		{5DF341AE-C7E1-4E1D-8AA7-F397BC172087}.Release|Any CPU.Build.0 = Release|Any CPU
		{009F173A-21BB-4EB6-A0C7-A9502F62D37F}.Debug|Any CPU.ActiveCfg = Debug|Any CPU
		{009F173A-21BB-4EB6-A0C7-A9502F62D37F}.Debug|Any CPU.Build.0 = Debug|Any CPU
		{009F173A-21BB-4EB6-A0C7-A9502F62D37F}.Release|Any CPU.ActiveCfg = Release|Any CPU
		{009F173A-21BB-4EB6-A0C7-A9502F62D37F}.Release|Any CPU.Build.0 = Release|Any CPU
		{82F3845F-7D3B-41FA-AF92-F2173650F5C3}.Debug|Any CPU.ActiveCfg = Debug|Any CPU
		{82F3845F-7D3B-41FA-AF92-F2173650F5C3}.Debug|Any CPU.Build.0 = Debug|Any CPU
		{82F3845F-7D3B-41FA-AF92-F2173650F5C3}.Release|Any CPU.ActiveCfg = Release|Any CPU
		{82F3845F-7D3B-41FA-AF92-F2173650F5C3}.Release|Any CPU.Build.0 = Release|Any CPU
		{68361C32-90D4-4FD2-A1F2-18B98C08AF64}.Debug|Any CPU.ActiveCfg = Debug|Any CPU
		{68361C32-90D4-4FD2-A1F2-18B98C08AF64}.Debug|Any CPU.Build.0 = Debug|Any CPU
		{68361C32-90D4-4FD2-A1F2-18B98C08AF64}.Release|Any CPU.ActiveCfg = Release|Any CPU
		{68361C32-90D4-4FD2-A1F2-18B98C08AF64}.Release|Any CPU.Build.0 = Release|Any CPU
	EndGlobalSection
	GlobalSection(SolutionProperties) = preSolution
		HideSolutionNode = FALSE
	EndGlobalSection
	GlobalSection(ExtensibilityGlobals) = postSolution
		SolutionGuid = {08BE7242-59F8-4884-905E-F38F8FD8F204}
	EndGlobalSection
EndGlobal
